Microsoft Visual Studio Solution File, Format Version 12.00
# Visual Studio Version 17
VisualStudioVersion = 17.5.2.0
MinimumVisualStudioVersion = 10.0.40219.1
Project("{FAE04EC0-301F-11D3-BF4B-00C04F79EFBC}") = "SailingResultsPortal", "SailingResultsPortal.csproj", "{6C8C770E-A3C4-8302-F095-999B889B344E}"
EndProject
Global
	GlobalSection(SolutionConfigurationPlatforms) = preSolution
		Debug|Any CPU = Debug|Any CPU
		Release|Any CPU = Release|Any CPU
	EndGlobalSection
	GlobalSection(ProjectConfigurationPlatforms) = postSolution
		{6C8C770E-A3C4-8302-F095-999B889B344E}.Debug|Any CPU.ActiveCfg = Debug|Any CPU
		{6C8C770E-A3C4-8302-F095-999B889B344E}.Debug|Any CPU.Build.0 = Debug|Any CPU
		{6C8C770E-A3C4-8302-F095-999B889B344E}.Release|Any CPU.ActiveCfg = Release|Any CPU
		{6C8C770E-A3C4-8302-F095-999B889B344E}.Release|Any CPU.Build.0 = Release|Any CPU
	EndGlobalSection
	GlobalSection(SolutionProperties) = preSolution
		HideSolutionNode = FALSE
	EndGlobalSection
	GlobalSection(ExtensibilityGlobals) = postSolution
		SolutionGuid = {0C583D1C-B95C-40E8-919D-517F959FA9CF}
	EndGlobalSection
EndGlobal
